
Microsoft Visual Studio Solution File, Format Version 12.00
# Visual Studio 15
VisualStudioVersion = 15.0.28010.2046
MinimumVisualStudioVersion = 10.0.40219.1
Project("{FAE04EC0-301F-11D3-BF4B-00C04F79EFBC}") = "EnglishLearners.App", "EnglishLearners.App\EnglishLearners.App.csproj", "{F214B4DA-0C9B-4DA2-8C43-59EA33C1E9F8}"
EndProject
Project("{FAE04EC0-301F-11D3-BF4B-00C04F79EFBC}") = "DataFlow", "DataFlow\DataFlow.csproj", "{365F870C-6A58-41BE-BA7D-4F34D3E92E5D}"
EndProject
Global
	GlobalSection(SolutionConfigurationPlatforms) = preSolution
		Debug|Any CPU = Debug|Any CPU
		Release|Any CPU = Release|Any CPU
	EndGlobalSection
	GlobalSection(ProjectConfigurationPlatforms) = postSolution
		{F214B4DA-0C9B-4DA2-8C43-59EA33C1E9F8}.Debug|Any CPU.ActiveCfg = Debug|Any CPU
		{F214B4DA-0C9B-4DA2-8C43-59EA33C1E9F8}.Debug|Any CPU.Build.0 = Debug|Any CPU
		{F214B4DA-0C9B-4DA2-8C43-59EA33C1E9F8}.Debug|Any CPU.Deploy.0 = Debug|Any CPU
		{F214B4DA-0C9B-4DA2-8C43-59EA33C1E9F8}.Release|Any CPU.ActiveCfg = Release|Any CPU
		{F214B4DA-0C9B-4DA2-8C43-59EA33C1E9F8}.Release|Any CPU.Build.0 = Release|Any CPU
		{F214B4DA-0C9B-4DA2-8C43-59EA33C1E9F8}.Release|Any CPU.Deploy.0 = Release|Any CPU
		{365F870C-6A58-41BE-BA7D-4F34D3E92E5D}.Debug|Any CPU.ActiveCfg = Debug|Any CPU
		{365F870C-6A58-41BE-BA7D-4F34D3E92E5D}.Debug|Any CPU.Build.0 = Debug|Any CPU
		{365F870C-6A58-41BE-BA7D-4F34D3E92E5D}.Release|Any CPU.ActiveCfg = Release|Any CPU
		{365F870C-6A58-41BE-BA7D-4F34D3E92E5D}.Release|Any CPU.Build.0 = Release|Any CPU
	EndGlobalSection
	GlobalSection(SolutionProperties) = preSolution
		HideSolutionNode = FALSE
	EndGlobalSection
	GlobalSection(ExtensibilityGlobals) = postSolution
		SolutionGuid = {C5D8404F-1811-4D9B-9195-04F767629358}
	EndGlobalSection
EndGlobal
